
Microsoft Visual Studio Solution File, Format Version 12.00
# Visual Studio Version 17
VisualStudioVersion = 17.7.34221.43
MinimumVisualStudioVersion = 10.0.40219.1
Project("{FAE04EC0-301F-11D3-BF4B-00C04F79EFBC}") = "dtgv12", "dtgv12\dtgv12.csproj", "{D14361CF-2991-4B1C-A47B-664C3509AD7F}"
EndProject
Global
	GlobalSection(SolutionConfigurationPlatforms) = preSolution
		Debug|Any CPU = Debug|Any CPU
		Release|Any CPU = Release|Any CPU
	EndGlobalSection
	GlobalSection(ProjectConfigurationPlatforms) = postSolution
		{D14361CF-2991-4B1C-A47B-664C3509AD7F}.Debug|Any CPU.ActiveCfg = Debug|Any CPU
		{D14361CF-2991-4B1C-A47B-664C3509AD7F}.Debug|Any CPU.Build.0 = Debug|Any CPU
		{D14361CF-2991-4B1C-A47B-664C3509AD7F}.Release|Any CPU.ActiveCfg = Release|Any CPU
		{D14361CF-2991-4B1C-A47B-664C3509AD7F}.Release|Any CPU.Build.0 = Release|Any CPU
	EndGlobalSection
	GlobalSection(SolutionProperties) = preSolution
		HideSolutionNode = FALSE
	EndGlobalSection
	GlobalSection(ExtensibilityGlobals) = postSolution
		SolutionGuid = {B836185F-7B9D-4507-A368-CEAE6A624041}
	EndGlobalSection
EndGlobal
